
Microsoft Visual Studio Solution File, Format Version 12.00
# Visual Studio Version 17
VisualStudioVersion = 17.11.35312.102
MinimumVisualStudioVersion = 10.0.40219.1
Project("{FAE04EC0-301F-11D3-BF4B-00C04F79EFBC}") = "week1", "week1.csproj", "{ECB6692A-1650-41D6-8C92-3F012851FB61}"
EndProject
Global
	GlobalSection(SolutionConfigurationPlatforms) = preSolution
		Debug|Any CPU = Debug|Any CPU
		Release|Any CPU = Release|Any CPU
	EndGlobalSection
	GlobalSection(ProjectConfigurationPlatforms) = postSolution
		{ECB6692A-1650-41D6-8C92-3F012851FB61}.Debug|Any CPU.ActiveCfg = Debug|Any CPU
		{ECB6692A-1650-41D6-8C92-3F012851FB61}.Debug|Any CPU.Build.0 = Debug|Any CPU
		{ECB6692A-1650-41D6-8C92-3F012851FB61}.Release|Any CPU.ActiveCfg = Release|Any CPU
		{ECB6692A-1650-41D6-8C92-3F012851FB61}.Release|Any CPU.Build.0 = Release|Any CPU
	EndGlobalSection
	GlobalSection(SolutionProperties) = preSolution
		HideSolutionNode = FALSE
	EndGlobalSection
	GlobalSection(ExtensibilityGlobals) = postSolution
		SolutionGuid = {1DF91DF8-A982-43D2-9044-9EDDBD01D27B}
	EndGlobalSection
EndGlobal
